{
	"name": "@thyrith/momentkh",
	"version": "2.5.5",
	"lockfileVersion": 3,
	"requires": true,
	"packages": {
		"": {
			"name": "@thyrith/momentkh",
			"version": "2.5.5",
			"license": "MIT",
			"dependencies": {
				"fs": "^0.0.1-security",
				"moment": "^2.30.1"
			}
		},
		"node_modules/fs": {
			"version": "0.0.1-security",
			"resolved": "https://registry.npmjs.org/fs/-/fs-0.0.1-security.tgz",
			"integrity": "sha512-3XY9e1pP0CVEUCdj5BmfIZxRBTSDycnbqhIOGec9QYtmVH2fbLpj86CFWkrNOkt/Fvty4KZG5lTglL9j/gJ87w==",
			"license": "ISC"
		},
		"node_modules/moment": {
			"version": "2.30.1",
			"resolved": "https://registry.npmjs.org/moment/-/moment-2.30.1.tgz",
			"integrity": "sha512-uEmtNhbDOrWPFS+hdjFCBfy9f2YoyzRpwcl+DqpC6taX21FzsTLQVbMV/W7PzNSX6x/bhC1zA3c2UQ5NzH6how==",
			"license": "MIT",
			"engines": {
				"node": "*"
			}
		}
	}
}
